
Microsoft Visual Studio Solution File, Format Version 12.00
# Visual Studio Version 16
VisualStudioVersion = 16.0.31005.135
MinimumVisualStudioVersion = 10.0.40219.1
Project("{FAE04EC0-301F-11D3-BF4B-00C04F79EFBC}") = "ConsoleWithSerilogAndDI", "ConsoleWithSerilogAndDI\ConsoleWithSerilogAndDI.csproj", "{A3D58DFC-B4AB-4C88-A2F9-7FA13F202FC7}"
EndProject
Global
	GlobalSection(SolutionConfigurationPlatforms) = preSolution
		Debug|Any CPU = Debug|Any CPU
		Release|Any CPU = Release|Any CPU
	EndGlobalSection
	GlobalSection(ProjectConfigurationPlatforms) = postSolution
		{A3D58DFC-B4AB-4C88-A2F9-7FA13F202FC7}.Debug|Any CPU.ActiveCfg = Debug|Any CPU
		{A3D58DFC-B4AB-4C88-A2F9-7FA13F202FC7}.Debug|Any CPU.Build.0 = Debug|Any CPU
		{A3D58DFC-B4AB-4C88-A2F9-7FA13F202FC7}.Release|Any CPU.ActiveCfg = Release|Any CPU
		{A3D58DFC-B4AB-4C88-A2F9-7FA13F202FC7}.Release|Any CPU.Build.0 = Release|Any CPU
	EndGlobalSection
	GlobalSection(SolutionProperties) = preSolution
		HideSolutionNode = FALSE
	EndGlobalSection
	GlobalSection(ExtensibilityGlobals) = postSolution
		SolutionGuid = {39D4CBDD-30FC-4CB7-B4E9-D7B8036EEC3B}
	EndGlobalSection
EndGlobal
